
Microsoft Visual Studio Solution File, Format Version 12.00
# Visual Studio Version 17
VisualStudioVersion = 17.5.33516.290
MinimumVisualStudioVersion = 10.0.40219.1
Project("{FAE04EC0-301F-11D3-BF4B-00C04F79EFBC}") = "Html5QrcodeBlazor.DemoWasm", "Html5QrcodeBlazor.DemoWasm\Html5QrcodeBlazor.DemoWasm.csproj", "{A27719BA-FC12-4CFD-A6AC-F51D544C625B}"
EndProject
Project("{FAE04EC0-301F-11D3-BF4B-00C04F79EFBC}") = "Html5QrcodeBlazor.Wrapper", "Html5QrcodeBlazor.Wrapper\Html5QrcodeBlazor.Wrapper.csproj", "{B93E9912-8C80-4907-8586-DC1437F94E40}"
EndProject
Global
	GlobalSection(SolutionConfigurationPlatforms) = preSolution
		Debug|Any CPU = Debug|Any CPU
		Release|Any CPU = Release|Any CPU
	EndGlobalSection
	GlobalSection(ProjectConfigurationPlatforms) = postSolution
		{A27719BA-FC12-4CFD-A6AC-F51D544C625B}.Debug|Any CPU.ActiveCfg = Debug|Any CPU
		{A27719BA-FC12-4CFD-A6AC-F51D544C625B}.Debug|Any CPU.Build.0 = Debug|Any CPU
		{A27719BA-FC12-4CFD-A6AC-F51D544C625B}.Release|Any CPU.ActiveCfg = Release|Any CPU
		{A27719BA-FC12-4CFD-A6AC-F51D544C625B}.Release|Any CPU.Build.0 = Release|Any CPU
		{B93E9912-8C80-4907-8586-DC1437F94E40}.Debug|Any CPU.ActiveCfg = Debug|Any CPU
		{B93E9912-8C80-4907-8586-DC1437F94E40}.Debug|Any CPU.Build.0 = Debug|Any CPU
		{B93E9912-8C80-4907-8586-DC1437F94E40}.Release|Any CPU.ActiveCfg = Release|Any CPU
		{B93E9912-8C80-4907-8586-DC1437F94E40}.Release|Any CPU.Build.0 = Release|Any CPU
	EndGlobalSection
	GlobalSection(SolutionProperties) = preSolution
		HideSolutionNode = FALSE
	EndGlobalSection
	GlobalSection(ExtensibilityGlobals) = postSolution
		SolutionGuid = {8AC3703F-04FB-42B3-A8EC-24095E4C5412}
	EndGlobalSection
EndGlobal
